
Microsoft Visual Studio Solution File, Format Version 12.00
# Visual Studio 14
VisualStudioVersion = 14.0.25420.1
MinimumVisualStudioVersion = 10.0.40219.1
Project("{FAE04EC0-301F-11D3-BF4B-00C04F79EFBC}") = "demoframework", "demoframework\demoframework.csproj", "{68FB79C1-BD99-4FDB-82B5-E696D8C1CF85}"
EndProject
Project("{FAE04EC0-301F-11D3-BF4B-00C04F79EFBC}") = "demoUISpecTests", "demoUISpecTests\demoUISpecTests.csproj", "{EBCE4C94-1CB9-42D2-99F8-FD3E2F3BF834}"
EndProject
Global
	GlobalSection(SolutionConfigurationPlatforms) = preSolution
		Debug|Any CPU = Debug|Any CPU
		Release|Any CPU = Release|Any CPU
	EndGlobalSection
	GlobalSection(ProjectConfigurationPlatforms) = postSolution
		{68FB79C1-BD99-4FDB-82B5-E696D8C1CF85}.Debug|Any CPU.ActiveCfg = Debug|Any CPU
		{68FB79C1-BD99-4FDB-82B5-E696D8C1CF85}.Debug|Any CPU.Build.0 = Debug|Any CPU
		{68FB79C1-BD99-4FDB-82B5-E696D8C1CF85}.Release|Any CPU.ActiveCfg = Release|Any CPU
		{68FB79C1-BD99-4FDB-82B5-E696D8C1CF85}.Release|Any CPU.Build.0 = Release|Any CPU
		{EBCE4C94-1CB9-42D2-99F8-FD3E2F3BF834}.Debug|Any CPU.ActiveCfg = Debug|Any CPU
		{EBCE4C94-1CB9-42D2-99F8-FD3E2F3BF834}.Debug|Any CPU.Build.0 = Debug|Any CPU
		{EBCE4C94-1CB9-42D2-99F8-FD3E2F3BF834}.Release|Any CPU.ActiveCfg = Release|Any CPU
		{EBCE4C94-1CB9-42D2-99F8-FD3E2F3BF834}.Release|Any CPU.Build.0 = Release|Any CPU
	EndGlobalSection
	GlobalSection(SolutionProperties) = preSolution
		HideSolutionNode = FALSE
	EndGlobalSection
EndGlobal
